lockfileVersion: '9.0'

settings:
  autoInstallPeers: true
  excludeLinksFromLockfile: false

importers:

  .:
    devDependencies:
      '@j178/prek':
        specifier: ^0.4.9
        version: 0.4.9
      oxfmt:
        specifier: ^0.59.0
        version: 0.59.0

packages:

  '@j178/prek-android-arm64@0.4.9':
    resolution: {integrity: sha512-mFJBMkUvvjCw/HY557lcKRit6f21cqCyIGSGG8+Q8ZnfIQYdWNcPpI7i1x/jbbzVH5MZ2M4FAkaW79hj+U3LCA==}
    engines: {node: '>=18'}
    cpu: [arm64]
    os: [android]

  '@j178/prek-darwin-arm64@0.4.9':
    resolution: {integrity: sha512-HQt1KhUMA/kzRr5o929JfmvMw7hJsvdAUW0XwMNL+bHWV0cS6sdMZwpRyrHFdkZXbB5sUIGZsvJoq+vl20RzSw==}
    engines: {node: '>=18'}
    cpu: [arm64]
    os: [darwin]

  '@j178/prek-darwin-x64@0.4.9':
    resolution: {integrity: sha512-3Fq6uMNXjCyR+5dkNnsibHhUwAfXrQ98RKDF0cAKlWiDGr7EBlzw8rwpahBY5On+roG8MHia3ZJjDpbdOYCrqw==}
    engines: {node: '>=18'}
    cpu: [x64]
    os: [darwin]

  '@j178/prek-linux-arm-gnueabihf@0.4.9':
    resolution: {integrity: sha512-ECpl6h54ZalcsNXKVFoEZCs077asYSOevLW7LEfKYtIv8wi1m7J/XNXhkTrBy6gBhCPGvnz6PGn4/Me1Y4m0Uw==}
    engines: {node: '>=18'}
    cpu: [arm]
    os: [linux]
    libc: [glibc]

  '@j178/prek-linux-arm-musleabihf@0.4.9':
    resolution: {integrity: sha512-Nh8HgcjBKxHDil23GVrwSAd87bPC0VQIwRr1HzAQw4QF9GxCkd+M48h64EJBNTh5kHX5Br2qEXNXGVKYjRmsCg==}
    engines: {node: '>=18'}
    cpu: [arm]
    os: [linux]
    libc: [musl]

  '@j178/prek-linux-arm64-gnu@0.4.9':
    resolution: {integrity: sha512-vR8fsdbKIFi7jWVLkLzhZlmgQgBcDHe2uhnv3Nx/NefRBoBdSMJT7KUKMJlsNO7hUXKvBtvx+e/bB15ZasmgkA==}
    engines: {node: '>=18'}
    cpu: [arm64]
    os: [linux]
    libc: [glibc]

  '@j178/prek-linux-arm64-musl@0.4.9':
    resolution: {integrity: sha512-8wFjX0VbSmA0SGfs2PC8HPmq3PoAHmvntLGvqpaYUk+8NUblrUxn0S5OsifWSOQ8n02TZTVs2QGn+Sa5KhR9yg==}
    engines: {node: '>=18'}
    cpu: [arm64]
    os: [linux]
    libc: [musl]

  '@j178/prek-linux-armv7-musleabihf@0.4.9':
    resolution: {integrity: sha512-BDR8taqqH5aWtZ+6yT8lw59JadGUv0lEQwr4UCkrXg4u4bQzYu03ejdgrCNZo+eLt7uG9rpbOrB2fR+iDkO/hw==}
    engines: {node: '>=18'}
    cpu: [arm]
    os: [linux]
    libc: [musl]

  '@j178/prek-linux-ia32-gnu@0.4.9':
    resolution: {integrity: sha512-3feciBV6RDUs7u8x05p4yA6ItcGqFT+71p7H2gFCLPBDHs7C9pOGpWDuPVmd+PMr/z5fzJtTA3ZQlv3tq1fncw==}
    engines: {node: '>=18'}
    cpu: [ia32]
    os: [linux]
    libc: [glibc]

  '@j178/prek-linux-ia32-musl@0.4.9':
    resolution: {integrity: sha512-d6rgJHWij7U1zuRa3CRkcecQW2Zq0TV/q1IW7pXvzQMk4FPL2uQkX2kR+37kPYLTpj7rIrkEW5SIs3PnH38UWQ==}
    engines: {node: '>=18'}
    cpu: [ia32]
    os: [linux]
    libc: [musl]

  '@j178/prek-linux-riscv64-gnu@0.4.9':
    resolution: {integrity: sha512-G0oXlm3WlN37i7in4tli93biu4G3zHmql4nq8cS+1wl/Dmi+Wk6OY51OWdMZO7J+O77SXQgoIPdAnO4jcONGUQ==}
    engines: {node: '>=18'}
    cpu: [riscv64]
    os: [linux]
    libc: [glibc]

  '@j178/prek-linux-s390x-gnu@0.4.9':
    resolution: {integrity: sha512-UjK2EwIKpI3B78kobJvwCv7rIZZ1oLGSfqs7AZR67fPZ1Xi6YJLAG5bMOixA8WjkhbRO0K3JSCFT4mXsXfV7pg==}
    engines: {node: '>=18'}
    cpu: [s390x]
    os: [linux]
    libc: [glibc]

  '@j178/prek-linux-x64-gnu@0.4.9':
    resolution: {integrity: sha512-O6bjPRkkTIeMJJl4SxxBGP5ifO1ILTPQkI5frwcvrWCprp28jNBw3v1pPdlenmEvjROn2R5YOVGrvlFlMzTg3Q==}
    engines: {node: '>=18'}
    cpu: [x64]
    os: [linux]
    libc: [glibc]

  '@j178/prek-linux-x64-musl@0.4.9':
    resolution: {integrity: sha512-tqfvEy1rwWLsIVwuylmzk1lRaEj98X8FaXF1vR70FNhAjaqM7EuOQpDFdqUQpUyrkqm6iGwCmW6sz0azS6L6uA==}
    engines: {node: '>=18'}
    cpu: [x64]
    os: [linux]
    libc: [musl]

  '@j178/prek-win32-arm64-msvc@0.4.9':
    resolution: {integrity: sha512-oQnsQ+K+OTW9I0YwDJAG/rcD18dYCOgy5IV4tFEHMK9GdMsB7hiPz5bOcpuzYDMumStlh2KKTYHejnU86K1bUw==}
    engines: {node: '>=18'}
    cpu: [arm64]
    os: [win32]

  '@j178/prek-win32-ia32-msvc@0.4.9':
    resolution: {integrity: sha512-jzzovfyzaPa8v0ckHTLiJqa4ZPfdnas/iNIBqGAGeEUZwO98szjOLlhP2pZt32E0VPNIpHxioR8dH9s2t26ePw==}
    engines: {node: '>=18'}
    cpu: [ia32]
    os: [win32]

  '@j178/prek-win32-x64-msvc@0.4.9':
    resolution: {integrity: sha512-tM9YVJuVffJIf/dEDIwQVC5EDdHmipXBqsjYfRwCWCPwzO11zr8edX6u3dAthqZywTIG/XveUso0kjJzPW3Dvg==}
    engines: {node: '>=18'}
    cpu: [x64]
    os: [win32]

  '@j178/prek@0.4.9':
    resolution: {integrity: sha512-9iWK3NgzworUjKLfOKR3vg36rQp2jZKEcxBhXkM1TrHYiO1q30KitehceEs1u+GTw1syNcb8Bye0Qe7NxlH/dw==}
    engines: {node: '>=18'}
    hasBin: true

  '@oxfmt/binding-android-arm-eabi@0.59.0':
    resolution: {integrity: sha512-bNTnfbuG7sAwb2PakMNaDukx5kXeW9duXOBeWtTOiLz3fXz3q2DlWguufPZ+c2IHEVrRXHD+M4aUgEWm841LDA==}
    engines: {node: ^20.19.0 || >=22.12.0}
    cpu: [arm]
    os: [android]

  '@oxfmt/binding-android-arm64@0.59.0':
    resolution: {integrity: sha512-R/Sn7z52QtdAKNqQLLY0EK7hVMjXiz3XUlvoCFCm/60jgIzAnQtiqLKBCFaBkimCQL5rs2ezPMcicpjCsrl54Q==}
    engines: {node: ^20.19.0 || >=22.12.0}
    cpu: [arm64]
    os: [android]

  '@oxfmt/binding-darwin-arm64@0.59.0':
    resolution: {integrity: sha512-vm/ynUqE4HjC0ZIEjmXv1UJu1/GngccQ+T+TJudTMxUxm6r+GQTg1TO3E5jJfI71pBaXxSzs1+vWHIwuilGHhw==}
    engines: {node: ^20.19.0 || >=22.12.0}
    cpu: [arm64]
    os: [darwin]

  '@oxfmt/binding-darwin-x64@0.59.0':
    resolution: {integrity: sha512-uTtYDpLN/obfKVWGpgEc8BqYlLZBQTPz2uYEvLRy3HPZxjZ34wiFzukUBU2bf64JuCYZI//GTV1EOMmWlPjf/w==}
    engines: {node: ^20.19.0 || >=22.12.0}
    cpu: [x64]
    os: [darwin]

  '@oxfmt/binding-freebsd-x64@0.59.0':
    resolution: {integrity: sha512-e2UnxL/ifStSPy8ffBCDbdy595SYsGy+U1pur4G65TuMmWxAMBzYGG7atZo/3mp515p8rZdsflxVD/E1FAdPLQ==}
    engines: {node: ^20.19.0 || >=22.12.0}
    cpu: [x64]
    os: [freebsd]

  '@oxfmt/binding-linux-arm-gnueabihf@0.59.0':
    resolution: {integrity: sha512-LtdeZ1l0urxte3VNi3g8cocZwv1xGM1NKHSgF/fJEEVhyQmlgGh7WFWKFd/pNuO7djfvPNtNO1+MS+FEWkgVSA==}
    engines: {node: ^20.19.0 || >=22.12.0}
    cpu: [arm]
    os: [linux]

  '@oxfmt/binding-linux-arm-musleabihf@0.59.0':
    resolution: {integrity: sha512-dBTciSsj9GTMl7p+h2gMSI0hoPn2ijfc/dUsbnWsP0RbwgPl2r0C/5zkMb3Pb+gGj17LH7f1o4qLo9aes/pAvA==}
    engines: {node: ^20.19.0 || >=22.12.0}
    cpu: [arm]
    os: [linux]

  '@oxfmt/binding-linux-arm64-gnu@0.59.0':
    resolution: {integrity: sha512-tXVdJ/JINsNWdponPHN0OuKHtC+HdpyoS9sd6IDPNiiEYsRki8b7tefRZ1iMnRkdbyT4SEbguWsr6o+5awvbPQ==}
    engines: {node: ^20.19.0 || >=22.12.0}
    cpu: [arm64]
    os: [linux]
    libc: [glibc]

  '@oxfmt/binding-linux-arm64-musl@0.59.0':
    resolution: {integrity: sha512-RRTq38i2zT5fnw6XGHjvT6w2mh6x/G3m6AZcAZ56OTDTT/lsOeYnG3SVjwmH40z5kPqF+lf+o35e6m6PpKy9Dw==}
    engines: {node: ^20.19.0 || >=22.12.0}
    cpu: [arm64]
    os: [linux]
    libc: [musl]

  '@oxfmt/binding-linux-ppc64-gnu@0.59.0':
    resolution: {integrity: sha512-lD3k7glAJSaXW0D6xzu8VOZbYbosvy+0ktOVkfLEoQF5HJlMSxTQ2KNW0JO+08ccP/1ElOKktVEMI0fqRbVB4w==}
    engines: {node: ^20.19.0 || >=22.12.0}
    cpu: [ppc64]
    os: [linux]
    libc: [glibc]

  '@oxfmt/binding-linux-riscv64-gnu@0.59.0':
    resolution: {integrity: sha512-WH5ZP1RbuHKBO/yfPRQKpNO/ijHcEDNbnmC4VPf/Bcd3+mbMAZpRiJWRa1PL5bREdIZZHo343mk3sqlc9x7Usw==}
    engines: {node: ^20.19.0 || >=22.12.0}
    cpu: [riscv64]
    os: [linux]
    libc: [glibc]

  '@oxfmt/binding-linux-riscv64-musl@0.59.0':
    resolution: {integrity: sha512-743wOiaI9RZY4QVGkWkfGRavD5ZJUJ6gscFjVrVu1dP8AZh9jM+a6v3NhlR+OIzHdS6DhLM96w+gcVskskz7rw==}
    engines: {node: ^20.19.0 || >=22.12.0}
    cpu: [riscv64]
    os: [linux]
    libc: [musl]

  '@oxfmt/binding-linux-s390x-gnu@0.59.0':
    resolution: {integrity: sha512-xjRXQsRnrRZCcCkIEnbd2lmsQNobtwwkJxdy2bWXhZ1lIN0ouZwsBXRsoovW3yATuziAYwr9HMiQuR/Cc75NIw==}
    engines: {node: ^20.19.0 || >=22.12.0}
    cpu: [s390x]
    os: [linux]
    libc: [glibc]

  '@oxfmt/binding-linux-x64-gnu@0.59.0':
    resolution: {integrity: sha512-4hNjqq/Rbr9B+StY9zMMAfm72+mtM4v80xYL5Qkb59Qd72g2vJMI0iFlPj3kf6miMsie/yJ7rt4urJT292HBgA==}
    engines: {node: ^20.19.0 || >=22.12.0}
    cpu: [x64]
    os: [linux]
    libc: [glibc]

  '@oxfmt/binding-linux-x64-musl@0.59.0':
    resolution: {integrity: sha512-NH579iN8EVQYsWowUB8B5vFchcylJtwPVJ7NmUAqEQHNLfhPbDT3K56KrECNAkUN4QpF4qiMgN2vsfZwVvjm7g==}
    engines: {node: ^20.19.0 || >=22.12.0}
    cpu: [x64]
    os: [linux]
    libc: [musl]

  '@oxfmt/binding-openharmony-arm64@0.59.0':
    resolution: {integrity: sha512-mzZy3Z5Aj1D75Aq9FVlmoRQH5ei8Ga4o/NZmlXkKyeZ5EmPrUXRR7c6BMBteV1ZuZ/356UYDuLRLjAMxTDTiBA==}
    engines: {node: ^20.19.0 || >=22.12.0}
    cpu: [arm64]
    os: [openharmony]

  '@oxfmt/binding-win32-arm64-msvc@0.59.0':
    resolution: {integrity: sha512-0CpDJ1gE3jN1Gk6xms1Ie6LPfPcOtY4FAtoOmVLHQoAf8DvO2wd0DW2dIX2f7YTp5dxrr0ND8JeUEjm3DP3k5g==}
    engines: {node: ^20.19.0 || >=22.12.0}
    cpu: [arm64]
    os: [win32]

  '@oxfmt/binding-win32-ia32-msvc@0.59.0':
    resolution: {integrity: sha512-zwdKBu3pt87uW0bRcywZb0oGMS7C6n87qogwRYFUgmk44T90ZzYlPjtlFYXs/DnBFrgNCvlHwCuWKfVWLeE7kw==}
    engines: {node: ^20.19.0 || >=22.12.0}
    cpu: [ia32]
    os: [win32]

  '@oxfmt/binding-win32-x64-msvc@0.59.0':
    resolution: {integrity: sha512-dUUbZkKgWrmAeI/puzv4bxN8lzcYaFnQVwFTFtwO2Gp8M7lZGSE2qJjC58g518+1bltJ8mizjYwD0BGHym0l/w==}
    engines: {node: ^20.19.0 || >=22.12.0}
    cpu: [x64]
    os: [win32]

  oxfmt@0.59.0:
    resolution: {integrity: sha512-Xqk6cPZS1yMvVa7OAuenaDZUsgMDutvvbZ9/L5gSvAfW64+WN4HVhgipLj5rVERbYQt8fLs9TopyZ1rU1XEG/w==}
    engines: {node: ^20.19.0 || >=22.12.0}
    hasBin: true
    peerDependencies:
      svelte: ^5.0.0
      vite-plus: '*'
    peerDependenciesMeta:
      svelte:
        optional: true
      vite-plus:
        optional: true

  tinypool@2.1.0:
    resolution: {integrity: sha512-Pugqs6M0m7Lv1I7FtxN4aoyToKg1C4tu+/381vH35y8oENM/Ai7f7C4StcoK4/+BSw9ebcS8jRiVrORFKCALLw==}
    engines: {node: ^20.0.0 || >=22.0.0}

snapshots:

  '@j178/prek-android-arm64@0.4.9':
    optional: true

  '@j178/prek-darwin-arm64@0.4.9':
    optional: true

  '@j178/prek-darwin-x64@0.4.9':
    optional: true

  '@j178/prek-linux-arm-gnueabihf@0.4.9':
    optional: true

  '@j178/prek-linux-arm-musleabihf@0.4.9':
    optional: true

  '@j178/prek-linux-arm64-gnu@0.4.9':
    optional: true

  '@j178/prek-linux-arm64-musl@0.4.9':
    optional: true

  '@j178/prek-linux-armv7-musleabihf@0.4.9':
    optional: true

  '@j178/prek-linux-ia32-gnu@0.4.9':
    optional: true

  '@j178/prek-linux-ia32-musl@0.4.9':
    optional: true

  '@j178/prek-linux-riscv64-gnu@0.4.9':
    optional: true

  '@j178/prek-linux-s390x-gnu@0.4.9':
    optional: true

  '@j178/prek-linux-x64-gnu@0.4.9':
    optional: true

  '@j178/prek-linux-x64-musl@0.4.9':
    optional: true

  '@j178/prek-win32-arm64-msvc@0.4.9':
    optional: true

  '@j178/prek-win32-ia32-msvc@0.4.9':
    optional: true

  '@j178/prek-win32-x64-msvc@0.4.9':
    optional: true

  '@j178/prek@0.4.9':
    optionalDependencies:
      '@j178/prek-android-arm64': 0.4.9
      '@j178/prek-darwin-arm64': 0.4.9
      '@j178/prek-darwin-x64': 0.4.9
      '@j178/prek-linux-arm-gnueabihf': 0.4.9
      '@j178/prek-linux-arm-musleabihf': 0.4.9
      '@j178/prek-linux-arm64-gnu': 0.4.9
      '@j178/prek-linux-arm64-musl': 0.4.9
      '@j178/prek-linux-armv7-musleabihf': 0.4.9
      '@j178/prek-linux-ia32-gnu': 0.4.9
      '@j178/prek-linux-ia32-musl': 0.4.9
      '@j178/prek-linux-riscv64-gnu': 0.4.9
      '@j178/prek-linux-s390x-gnu': 0.4.9
      '@j178/prek-linux-x64-gnu': 0.4.9
      '@j178/prek-linux-x64-musl': 0.4.9
      '@j178/prek-win32-arm64-msvc': 0.4.9
      '@j178/prek-win32-ia32-msvc': 0.4.9
      '@j178/prek-win32-x64-msvc': 0.4.9

  '@oxfmt/binding-android-arm-eabi@0.59.0':
    optional: true

  '@oxfmt/binding-android-arm64@0.59.0':
    optional: true

  '@oxfmt/binding-darwin-arm64@0.59.0':
    optional: true

  '@oxfmt/binding-darwin-x64@0.59.0':
    optional: true

  '@oxfmt/binding-freebsd-x64@0.59.0':
    optional: true

  '@oxfmt/binding-linux-arm-gnueabihf@0.59.0':
    optional: true

  '@oxfmt/binding-linux-arm-musleabihf@0.59.0':
    optional: true

  '@oxfmt/binding-linux-arm64-gnu@0.59.0':
    optional: true

  '@oxfmt/binding-linux-arm64-musl@0.59.0':
    optional: true

  '@oxfmt/binding-linux-ppc64-gnu@0.59.0':
    optional: true

  '@oxfmt/binding-linux-riscv64-gnu@0.59.0':
    optional: true

  '@oxfmt/binding-linux-riscv64-musl@0.59.0':
    optional: true

  '@oxfmt/binding-linux-s390x-gnu@0.59.0':
    optional: true

  '@oxfmt/binding-linux-x64-gnu@0.59.0':
    optional: true

  '@oxfmt/binding-linux-x64-musl@0.59.0':
    optional: true

  '@oxfmt/binding-openharmony-arm64@0.59.0':
    optional: true

  '@oxfmt/binding-win32-arm64-msvc@0.59.0':
    optional: true

  '@oxfmt/binding-win32-ia32-msvc@0.59.0':
    optional: true

  '@oxfmt/binding-win32-x64-msvc@0.59.0':
    optional: true

  oxfmt@0.59.0:
    dependencies:
      tinypool: 2.1.0
    optionalDependencies:
      '@oxfmt/binding-android-arm-eabi': 0.59.0
      '@oxfmt/binding-android-arm64': 0.59.0
      '@oxfmt/binding-darwin-arm64': 0.59.0
      '@oxfmt/binding-darwin-x64': 0.59.0
      '@oxfmt/binding-freebsd-x64': 0.59.0
      '@oxfmt/binding-linux-arm-gnueabihf': 0.59.0
      '@oxfmt/binding-linux-arm-musleabihf': 0.59.0
      '@oxfmt/binding-linux-arm64-gnu': 0.59.0
      '@oxfmt/binding-linux-arm64-musl': 0.59.0
      '@oxfmt/binding-linux-ppc64-gnu': 0.59.0
      '@oxfmt/binding-linux-riscv64-gnu': 0.59.0
      '@oxfmt/binding-linux-riscv64-musl': 0.59.0
      '@oxfmt/binding-linux-s390x-gnu': 0.59.0
      '@oxfmt/binding-linux-x64-gnu': 0.59.0
      '@oxfmt/binding-linux-x64-musl': 0.59.0
      '@oxfmt/binding-openharmony-arm64': 0.59.0
      '@oxfmt/binding-win32-arm64-msvc': 0.59.0
      '@oxfmt/binding-win32-ia32-msvc': 0.59.0
      '@oxfmt/binding-win32-x64-msvc': 0.59.0

  tinypool@2.1.0: {}
