lockfileVersion: '9.0'

settings:
  autoInstallPeers: true
  excludeLinksFromLockfile: false

importers:

  .:
    devDependencies:
      '@j178/prek':
        specifier: ^0.4.9
        version: 0.4.9
      oxfmt:
        specifier: ^0.58.0
        version: 0.58.0

packages:

  '@j178/prek-android-arm64@0.4.9':
    resolution: {integrity: sha512-mFJBMkUvvjCw/HY557lcKRit6f21cqCyIGSGG8+Q8ZnfIQYdWNcPpI7i1x/jbbzVH5MZ2M4FAkaW79hj+U3LCA==}
    engines: {node: '>=18'}
    cpu: [arm64]
    os: [android]

  '@j178/prek-darwin-arm64@0.4.9':
    resolution: {integrity: sha512-HQt1KhUMA/kzRr5o929JfmvMw7hJsvdAUW0XwMNL+bHWV0cS6sdMZwpRyrHFdkZXbB5sUIGZsvJoq+vl20RzSw==}
    engines: {node: '>=18'}
    cpu: [arm64]
    os: [darwin]

  '@j178/prek-darwin-x64@0.4.9':
    resolution: {integrity: sha512-3Fq6uMNXjCyR+5dkNnsibHhUwAfXrQ98RKDF0cAKlWiDGr7EBlzw8rwpahBY5On+roG8MHia3ZJjDpbdOYCrqw==}
    engines: {node: '>=18'}
    cpu: [x64]
    os: [darwin]

  '@j178/prek-linux-arm-gnueabihf@0.4.9':
    resolution: {integrity: sha512-ECpl6h54ZalcsNXKVFoEZCs077asYSOevLW7LEfKYtIv8wi1m7J/XNXhkTrBy6gBhCPGvnz6PGn4/Me1Y4m0Uw==}
    engines: {node: '>=18'}
    cpu: [arm]
    os: [linux]
    libc: [glibc]

  '@j178/prek-linux-arm-musleabihf@0.4.9':
    resolution: {integrity: sha512-Nh8HgcjBKxHDil23GVrwSAd87bPC0VQIwRr1HzAQw4QF9GxCkd+M48h64EJBNTh5kHX5Br2qEXNXGVKYjRmsCg==}
    engines: {node: '>=18'}
    cpu: [arm]
    os: [linux]
    libc: [musl]

  '@j178/prek-linux-arm64-gnu@0.4.9':
    resolution: {integrity: sha512-vR8fsdbKIFi7jWVLkLzhZlmgQgBcDHe2uhnv3Nx/NefRBoBdSMJT7KUKMJlsNO7hUXKvBtvx+e/bB15ZasmgkA==}
    engines: {node: '>=18'}
    cpu: [arm64]
    os: [linux]
    libc: [glibc]

  '@j178/prek-linux-arm64-musl@0.4.9':
    resolution: {integrity: sha512-8wFjX0VbSmA0SGfs2PC8HPmq3PoAHmvntLGvqpaYUk+8NUblrUxn0S5OsifWSOQ8n02TZTVs2QGn+Sa5KhR9yg==}
    engines: {node: '>=18'}
    cpu: [arm64]
    os: [linux]
    libc: [musl]

  '@j178/prek-linux-armv7-musleabihf@0.4.9':
    resolution: {integrity: sha512-BDR8taqqH5aWtZ+6yT8lw59JadGUv0lEQwr4UCkrXg4u4bQzYu03ejdgrCNZo+eLt7uG9rpbOrB2fR+iDkO/hw==}
    engines: {node: '>=18'}
    cpu: [arm]
    os: [linux]
    libc: [musl]

  '@j178/prek-linux-ia32-gnu@0.4.9':
    resolution: {integrity: sha512-3feciBV6RDUs7u8x05p4yA6ItcGqFT+71p7H2gFCLPBDHs7C9pOGpWDuPVmd+PMr/z5fzJtTA3ZQlv3tq1fncw==}
    engines: {node: '>=18'}
    cpu: [ia32]
    os: [linux]
    libc: [glibc]

  '@j178/prek-linux-ia32-musl@0.4.9':
    resolution: {integrity: sha512-d6rgJHWij7U1zuRa3CRkcecQW2Zq0TV/q1IW7pXvzQMk4FPL2uQkX2kR+37kPYLTpj7rIrkEW5SIs3PnH38UWQ==}
    engines: {node: '>=18'}
    cpu: [ia32]
    os: [linux]
    libc: [musl]

  '@j178/prek-linux-riscv64-gnu@0.4.9':
    resolution: {integrity: sha512-G0oXlm3WlN37i7in4tli93biu4G3zHmql4nq8cS+1wl/Dmi+Wk6OY51OWdMZO7J+O77SXQgoIPdAnO4jcONGUQ==}
    engines: {node: '>=18'}
    cpu: [riscv64]
    os: [linux]
    libc: [glibc]

  '@j178/prek-linux-s390x-gnu@0.4.9':
    resolution: {integrity: sha512-UjK2EwIKpI3B78kobJvwCv7rIZZ1oLGSfqs7AZR67fPZ1Xi6YJLAG5bMOixA8WjkhbRO0K3JSCFT4mXsXfV7pg==}
    engines: {node: '>=18'}
    cpu: [s390x]
    os: [linux]
    libc: [glibc]

  '@j178/prek-linux-x64-gnu@0.4.9':
    resolution: {integrity: sha512-O6bjPRkkTIeMJJl4SxxBGP5ifO1ILTPQkI5frwcvrWCprp28jNBw3v1pPdlenmEvjROn2R5YOVGrvlFlMzTg3Q==}
    engines: {node: '>=18'}
    cpu: [x64]
    os: [linux]
    libc: [glibc]

  '@j178/prek-linux-x64-musl@0.4.9':
    resolution: {integrity: sha512-tqfvEy1rwWLsIVwuylmzk1lRaEj98X8FaXF1vR70FNhAjaqM7EuOQpDFdqUQpUyrkqm6iGwCmW6sz0azS6L6uA==}
    engines: {node: '>=18'}
    cpu: [x64]
    os: [linux]
    libc: [musl]

  '@j178/prek-win32-arm64-msvc@0.4.9':
    resolution: {integrity: sha512-oQnsQ+K+OTW9I0YwDJAG/rcD18dYCOgy5IV4tFEHMK9GdMsB7hiPz5bOcpuzYDMumStlh2KKTYHejnU86K1bUw==}
    engines: {node: '>=18'}
    cpu: [arm64]
    os: [win32]

  '@j178/prek-win32-ia32-msvc@0.4.9':
    resolution: {integrity: sha512-jzzovfyzaPa8v0ckHTLiJqa4ZPfdnas/iNIBqGAGeEUZwO98szjOLlhP2pZt32E0VPNIpHxioR8dH9s2t26ePw==}
    engines: {node: '>=18'}
    cpu: [ia32]
    os: [win32]

  '@j178/prek-win32-x64-msvc@0.4.9':
    resolution: {integrity: sha512-tM9YVJuVffJIf/dEDIwQVC5EDdHmipXBqsjYfRwCWCPwzO11zr8edX6u3dAthqZywTIG/XveUso0kjJzPW3Dvg==}
    engines: {node: '>=18'}
    cpu: [x64]
    os: [win32]

  '@j178/prek@0.4.9':
    resolution: {integrity: sha512-9iWK3NgzworUjKLfOKR3vg36rQp2jZKEcxBhXkM1TrHYiO1q30KitehceEs1u+GTw1syNcb8Bye0Qe7NxlH/dw==}
    engines: {node: '>=18'}
    hasBin: true

  '@oxfmt/binding-android-arm-eabi@0.58.0':
    resolution: {integrity: sha512-Uz62sHduGGPftXtILGyxdSW4PX82rUg+rfdNqhsgxe881g4rIoXlIqmZQ6HVKcF4f+F8qMhdD03Bx5u7gmeTdg==}
    engines: {node: ^20.19.0 || >=22.12.0}
    cpu: [arm]
    os: [android]

  '@oxfmt/binding-android-arm64@0.58.0':
    resolution: {integrity: sha512-rD0lRaJp1b+9vw6X4A2dJWKukd6X8yxiicN4JxXcXayolmUypRZxk+lKR+fVOu5q/iYc0fh5fR4bgmfOfVlbaA==}
    engines: {node: ^20.19.0 || >=22.12.0}
    cpu: [arm64]
    os: [android]

  '@oxfmt/binding-darwin-arm64@0.58.0':
    resolution: {integrity: sha512-uzbPPk7O6M+w2K65vcQ1woga3wgP8zghjL1KOG5b6qJ8dvYHZJ1VShaslg2KOK6yQIwCQtcMCXqLBM6sqXUNTg==}
    engines: {node: ^20.19.0 || >=22.12.0}
    cpu: [arm64]
    os: [darwin]

  '@oxfmt/binding-darwin-x64@0.58.0':
    resolution: {integrity: sha512-L0nKYDxU32oxeQqJj21W9SlIMnf81VZEhyah6iDvFhf5q0oynq498Fopth7blErUJVBpVtxQ98RMCfMPqpJX6w==}
    engines: {node: ^20.19.0 || >=22.12.0}
    cpu: [x64]
    os: [darwin]

  '@oxfmt/binding-freebsd-x64@0.58.0':
    resolution: {integrity: sha512-woNwfD58dC5PGS9LSLSD5JYfo/EFK5iG9vhDWkcCg3q78ag7KC8bpDqgvPHrMoXpx83OLXxoSOhu6z8FsVTHlg==}
    engines: {node: ^20.19.0 || >=22.12.0}
    cpu: [x64]
    os: [freebsd]

  '@oxfmt/binding-linux-arm-gnueabihf@0.58.0':
    resolution: {integrity: sha512-Sqs8nMLxuQpY21NKJ1u4stPDmO5hskBCNNh2E3AdCfI1QqWtf4m+Qn4mGEIUO4KGmuq3SWc/SZ80uy5IiwTCDw==}
    engines: {node: ^20.19.0 || >=22.12.0}
    cpu: [arm]
    os: [linux]

  '@oxfmt/binding-linux-arm-musleabihf@0.58.0':
    resolution: {integrity: sha512-Vd4exzBI5B5hB9m22JiTQzIL23WvHo/Pe+sNXPNeBLXSP9swCBPKCEBRwKpmpQzYhlgYaCgfPcGXPKAJBRIiZQ==}
    engines: {node: ^20.19.0 || >=22.12.0}
    cpu: [arm]
    os: [linux]

  '@oxfmt/binding-linux-arm64-gnu@0.58.0':
    resolution: {integrity: sha512-bUWi5mHV+4Vi56RLHE1h6q/HHfwAIT3XoB9vJAVeRzfu5NriXM8y6eeJu0vlKa0C9kq2rq1sOWRClhdLHPocrg==}
    engines: {node: ^20.19.0 || >=22.12.0}
    cpu: [arm64]
    os: [linux]
    libc: [glibc]

  '@oxfmt/binding-linux-arm64-musl@0.58.0':
    resolution: {integrity: sha512-2ZHxemzgHcjtktAuVUwSoyXmGo/t+aF5tS1ciPpPei4rhSyrz3JOqDosXXrmhN/yLUSzJjtuW7ToTWqfQpCj2w==}
    engines: {node: ^20.19.0 || >=22.12.0}
    cpu: [arm64]
    os: [linux]
    libc: [musl]

  '@oxfmt/binding-linux-ppc64-gnu@0.58.0':
    resolution: {integrity: sha512-AwKkVwjVmFQ3bcO7j0McGYAqCKH2a326fswfofng/E8VewCT/raeeGQr4huVhY704deK8AWASSTlxzMj0eZc6Q==}
    engines: {node: ^20.19.0 || >=22.12.0}
    cpu: [ppc64]
    os: [linux]
    libc: [glibc]

  '@oxfmt/binding-linux-riscv64-gnu@0.58.0':
    resolution: {integrity: sha512-xsRpTxfUnJF8D3AUKko/qyWdjw4GZVHlCVFuGlzSCTeewLmykKINW8em1+wx+axsDVtJJcMtvsiaXggXxrlHgw==}
    engines: {node: ^20.19.0 || >=22.12.0}
    cpu: [riscv64]
    os: [linux]
    libc: [glibc]

  '@oxfmt/binding-linux-riscv64-musl@0.58.0':
    resolution: {integrity: sha512-Z4AYOTcy7nYEIiXwD62PlerimyYRcfJOgUbQAEBjXz098kxKuERBlRntofGy69HHhe9E0TLVNMl1yspVNu+efw==}
    engines: {node: ^20.19.0 || >=22.12.0}
    cpu: [riscv64]
    os: [linux]
    libc: [musl]

  '@oxfmt/binding-linux-s390x-gnu@0.58.0':
    resolution: {integrity: sha512-A3nhhtZPC/TKVWOPj9q/H3p2znJDCcHWYlJBhWL8hGq/bFmBaNBHC8Np6E581yVq1w9Mi3rMDNzDalWvtUfJtQ==}
    engines: {node: ^20.19.0 || >=22.12.0}
    cpu: [s390x]
    os: [linux]
    libc: [glibc]

  '@oxfmt/binding-linux-x64-gnu@0.58.0':
    resolution: {integrity: sha512-2g+tVkgwqphw8R4hgo+kF4oz8+P5RwVOtr9+irsC7uwEp0e9j7Crw8kDGKL20uYlLPD7g02DqA61mC/UNYx98A==}
    engines: {node: ^20.19.0 || >=22.12.0}
    cpu: [x64]
    os: [linux]
    libc: [glibc]

  '@oxfmt/binding-linux-x64-musl@0.58.0':
    resolution: {integrity: sha512-rc15P6AbyyB7426aN8AakLd02Trb3a6ML/mmfAQeVHJEfVofWLcWIrBdy6zDEY+DIaL/s8E4GGPboVw+oP3+EA==}
    engines: {node: ^20.19.0 || >=22.12.0}
    cpu: [x64]
    os: [linux]
    libc: [musl]

  '@oxfmt/binding-openharmony-arm64@0.58.0':
    resolution: {integrity: sha512-ZWoTM27/HYPOh9iq86DAbhPu9nXb8qKvvGU/h8OfliyVUFAMMNTLDkGsWDKKnDqIkqvZ9+dXlgUOsH1LYO3O7g==}
    engines: {node: ^20.19.0 || >=22.12.0}
    cpu: [arm64]
    os: [openharmony]

  '@oxfmt/binding-win32-arm64-msvc@0.58.0':
    resolution: {integrity: sha512-LHZnqFXe2dEfkRI4XdZS/57nEOT/I4UCRX5IyM9v4GYW9XwQCjGe1IUK59SuKw3POwvcgWQ4pme2cYXmNqTNPg==}
    engines: {node: ^20.19.0 || >=22.12.0}
    cpu: [arm64]
    os: [win32]

  '@oxfmt/binding-win32-ia32-msvc@0.58.0':
    resolution: {integrity: sha512-mZKpg20TpheCJym1rarcZCUJeW1sSruw8zAAaCYWvuVfwIUDN1CXdrPU/JgCWReXTCTrEfCB8Wyo3hh9jSZ2EA==}
    engines: {node: ^20.19.0 || >=22.12.0}
    cpu: [ia32]
    os: [win32]

  '@oxfmt/binding-win32-x64-msvc@0.58.0':
    resolution: {integrity: sha512-N/wUU4N5PZ2orBtI+Ko7MnMfYLfE7K91UrGMY/c/pYyHR3lA9kwst1XugkZx+92YcRh/Eo+iv2eTESSWXfiZPA==}
    engines: {node: ^20.19.0 || >=22.12.0}
    cpu: [x64]
    os: [win32]

  oxfmt@0.58.0:
    resolution: {integrity: sha512-8feG/7NVEHDVwc1OUpP6Pks+TnaDFUw2jLLFIMi5bcmmwxAX2wBQvjSzj62RRTYBf2Op1Wt8xbkmagmPTR5ETg==}
    engines: {node: ^20.19.0 || >=22.12.0}
    hasBin: true
    peerDependencies:
      svelte: ^5.0.0
      vite-plus: '*'
    peerDependenciesMeta:
      svelte:
        optional: true
      vite-plus:
        optional: true

  tinypool@2.1.0:
    resolution: {integrity: sha512-Pugqs6M0m7Lv1I7FtxN4aoyToKg1C4tu+/381vH35y8oENM/Ai7f7C4StcoK4/+BSw9ebcS8jRiVrORFKCALLw==}
    engines: {node: ^20.0.0 || >=22.0.0}

snapshots:

  '@j178/prek-android-arm64@0.4.9':
    optional: true

  '@j178/prek-darwin-arm64@0.4.9':
    optional: true

  '@j178/prek-darwin-x64@0.4.9':
    optional: true

  '@j178/prek-linux-arm-gnueabihf@0.4.9':
    optional: true

  '@j178/prek-linux-arm-musleabihf@0.4.9':
    optional: true

  '@j178/prek-linux-arm64-gnu@0.4.9':
    optional: true

  '@j178/prek-linux-arm64-musl@0.4.9':
    optional: true

  '@j178/prek-linux-armv7-musleabihf@0.4.9':
    optional: true

  '@j178/prek-linux-ia32-gnu@0.4.9':
    optional: true

  '@j178/prek-linux-ia32-musl@0.4.9':
    optional: true

  '@j178/prek-linux-riscv64-gnu@0.4.9':
    optional: true

  '@j178/prek-linux-s390x-gnu@0.4.9':
    optional: true

  '@j178/prek-linux-x64-gnu@0.4.9':
    optional: true

  '@j178/prek-linux-x64-musl@0.4.9':
    optional: true

  '@j178/prek-win32-arm64-msvc@0.4.9':
    optional: true

  '@j178/prek-win32-ia32-msvc@0.4.9':
    optional: true

  '@j178/prek-win32-x64-msvc@0.4.9':
    optional: true

  '@j178/prek@0.4.9':
    optionalDependencies:
      '@j178/prek-android-arm64': 0.4.9
      '@j178/prek-darwin-arm64': 0.4.9
      '@j178/prek-darwin-x64': 0.4.9
      '@j178/prek-linux-arm-gnueabihf': 0.4.9
      '@j178/prek-linux-arm-musleabihf': 0.4.9
      '@j178/prek-linux-arm64-gnu': 0.4.9
      '@j178/prek-linux-arm64-musl': 0.4.9
      '@j178/prek-linux-armv7-musleabihf': 0.4.9
      '@j178/prek-linux-ia32-gnu': 0.4.9
      '@j178/prek-linux-ia32-musl': 0.4.9
      '@j178/prek-linux-riscv64-gnu': 0.4.9
      '@j178/prek-linux-s390x-gnu': 0.4.9
      '@j178/prek-linux-x64-gnu': 0.4.9
      '@j178/prek-linux-x64-musl': 0.4.9
      '@j178/prek-win32-arm64-msvc': 0.4.9
      '@j178/prek-win32-ia32-msvc': 0.4.9
      '@j178/prek-win32-x64-msvc': 0.4.9

  '@oxfmt/binding-android-arm-eabi@0.58.0':
    optional: true

  '@oxfmt/binding-android-arm64@0.58.0':
    optional: true

  '@oxfmt/binding-darwin-arm64@0.58.0':
    optional: true

  '@oxfmt/binding-darwin-x64@0.58.0':
    optional: true

  '@oxfmt/binding-freebsd-x64@0.58.0':
    optional: true

  '@oxfmt/binding-linux-arm-gnueabihf@0.58.0':
    optional: true

  '@oxfmt/binding-linux-arm-musleabihf@0.58.0':
    optional: true

  '@oxfmt/binding-linux-arm64-gnu@0.58.0':
    optional: true

  '@oxfmt/binding-linux-arm64-musl@0.58.0':
    optional: true

  '@oxfmt/binding-linux-ppc64-gnu@0.58.0':
    optional: true

  '@oxfmt/binding-linux-riscv64-gnu@0.58.0':
    optional: true

  '@oxfmt/binding-linux-riscv64-musl@0.58.0':
    optional: true

  '@oxfmt/binding-linux-s390x-gnu@0.58.0':
    optional: true

  '@oxfmt/binding-linux-x64-gnu@0.58.0':
    optional: true

  '@oxfmt/binding-linux-x64-musl@0.58.0':
    optional: true

  '@oxfmt/binding-openharmony-arm64@0.58.0':
    optional: true

  '@oxfmt/binding-win32-arm64-msvc@0.58.0':
    optional: true

  '@oxfmt/binding-win32-ia32-msvc@0.58.0':
    optional: true

  '@oxfmt/binding-win32-x64-msvc@0.58.0':
    optional: true

  oxfmt@0.58.0:
    dependencies:
      tinypool: 2.1.0
    optionalDependencies:
      '@oxfmt/binding-android-arm-eabi': 0.58.0
      '@oxfmt/binding-android-arm64': 0.58.0
      '@oxfmt/binding-darwin-arm64': 0.58.0
      '@oxfmt/binding-darwin-x64': 0.58.0
      '@oxfmt/binding-freebsd-x64': 0.58.0
      '@oxfmt/binding-linux-arm-gnueabihf': 0.58.0
      '@oxfmt/binding-linux-arm-musleabihf': 0.58.0
      '@oxfmt/binding-linux-arm64-gnu': 0.58.0
      '@oxfmt/binding-linux-arm64-musl': 0.58.0
      '@oxfmt/binding-linux-ppc64-gnu': 0.58.0
      '@oxfmt/binding-linux-riscv64-gnu': 0.58.0
      '@oxfmt/binding-linux-riscv64-musl': 0.58.0
      '@oxfmt/binding-linux-s390x-gnu': 0.58.0
      '@oxfmt/binding-linux-x64-gnu': 0.58.0
      '@oxfmt/binding-linux-x64-musl': 0.58.0
      '@oxfmt/binding-openharmony-arm64': 0.58.0
      '@oxfmt/binding-win32-arm64-msvc': 0.58.0
      '@oxfmt/binding-win32-ia32-msvc': 0.58.0
      '@oxfmt/binding-win32-x64-msvc': 0.58.0

  tinypool@2.1.0: {}
